
Microsoft Visual Studio Solution File, Format Version 12.00
# Visual Studio Version 16
VisualStudioVersion = 16.0.33328.57
MinimumVisualStudioVersion = 10.0.40219.1
Project("{FAE04EC0-301F-11D3-BF4B-00C04F79EFBC}") = "Task2_20_03_2023", "Task2_20_03_2023\Task2_20_03_2023.csproj", "{F8628399-48DC-4418-9C67-1124861BCA00}"
EndProject
Global
	GlobalSection(SolutionConfigurationPlatforms) = preSolution
		Debug|Any CPU = Debug|Any CPU
		Release|Any CPU = Release|Any CPU
	EndGlobalSection
	GlobalSection(ProjectConfigurationPlatforms) = postSolution
		{F8628399-48DC-4418-9C67-1124861BCA00}.Debug|Any CPU.ActiveCfg = Debug|Any CPU
		{F8628399-48DC-4418-9C67-1124861BCA00}.Debug|Any CPU.Build.0 = Debug|Any CPU
		{F8628399-48DC-4418-9C67-1124861BCA00}.Release|Any CPU.ActiveCfg = Release|Any CPU
		{F8628399-48DC-4418-9C67-1124861BCA00}.Release|Any CPU.Build.0 = Release|Any CPU
	EndGlobalSection
	GlobalSection(SolutionProperties) = preSolution
		HideSolutionNode = FALSE
	EndGlobalSection
	GlobalSection(ExtensibilityGlobals) = postSolution
		SolutionGuid = {D30902BB-3D0F-4786-989E-6E33085652A2}
	EndGlobalSection
EndGlobal
