
Microsoft Visual Studio Solution File, Format Version 12.00
# Visual Studio Version 16
VisualStudioVersion = 16.0.33328.57
MinimumVisualStudioVersion = 10.0.40219.1
Project("{FAE04EC0-301F-11D3-BF4B-00C04F79EFBC}") = "Task3_20_03_2023", "Task3_20_03_2023\Task3_20_03_2023.csproj", "{3D56F8B8-51D6-4855-BA0B-6B3DF0EF9402}"
EndProject
Global
	GlobalSection(SolutionConfigurationPlatforms) = preSolution
		Debug|Any CPU = Debug|Any CPU
		Release|Any CPU = Release|Any CPU
	EndGlobalSection
	GlobalSection(ProjectConfigurationPlatforms) = postSolution
		{3D56F8B8-51D6-4855-BA0B-6B3DF0EF9402}.Debug|Any CPU.ActiveCfg = Debug|Any CPU
		{3D56F8B8-51D6-4855-BA0B-6B3DF0EF9402}.Debug|Any CPU.Build.0 = Debug|Any CPU
		{3D56F8B8-51D6-4855-BA0B-6B3DF0EF9402}.Release|Any CPU.ActiveCfg = Release|Any CPU
		{3D56F8B8-51D6-4855-BA0B-6B3DF0EF9402}.Release|Any CPU.Build.0 = Release|Any CPU
	EndGlobalSection
	GlobalSection(SolutionProperties) = preSolution
		HideSolutionNode = FALSE
	EndGlobalSection
	GlobalSection(ExtensibilityGlobals) = postSolution
		SolutionGuid = {0064FE6A-76E1-4D11-8760-7F9CD88449F2}
	EndGlobalSection
EndGlobal
