
Microsoft Visual Studio Solution File, Format Version 12.00
# Visual Studio Version 16
VisualStudioVersion = 16.0.33328.57
MinimumVisualStudioVersion = 10.0.40219.1
Project("{FAE04EC0-301F-11D3-BF4B-00C04F79EFBC}") = "CapstoneCsharp", "CapstoneCsharp\CapstoneCsharp.csproj", "{32CD5B57-6452-41F6-93FC-E302F32F303A}"
EndProject
Global
	GlobalSection(SolutionConfigurationPlatforms) = preSolution
		Debug|Any CPU = Debug|Any CPU
		Release|Any CPU = Release|Any CPU
	EndGlobalSection
	GlobalSection(ProjectConfigurationPlatforms) = postSolution
		{32CD5B57-6452-41F6-93FC-E302F32F303A}.Debug|Any CPU.ActiveCfg = Debug|Any CPU
		{32CD5B57-6452-41F6-93FC-E302F32F303A}.Debug|Any CPU.Build.0 = Debug|Any CPU
		{32CD5B57-6452-41F6-93FC-E302F32F303A}.Release|Any CPU.ActiveCfg = Release|Any CPU
		{32CD5B57-6452-41F6-93FC-E302F32F303A}.Release|Any CPU.Build.0 = Release|Any CPU
	EndGlobalSection
	GlobalSection(SolutionProperties) = preSolution
		HideSolutionNode = FALSE
	EndGlobalSection
	GlobalSection(ExtensibilityGlobals) = postSolution
		SolutionGuid = {AC36511D-B767-4AA7-8216-E631A81FF0FB}
	EndGlobalSection
EndGlobal
